
Microsoft Visual Studio Solution File, Format Version 12.00
# Visual Studio Version 17
VisualStudioVersion = 17.0.32014.148
MinimumVisualStudioVersion = 10.0.40219.1
Project("{9A19103F-16F7-4668-BE54-9A1E7A4F7556}") = "mpMultiRotate", "mpMultiRotate\mpMultiRotate.csproj", "{D8D3D9B4-4676-4524-A61C-F7DDD78743E2}"
EndProject
Project("{9A19103F-16F7-4668-BE54-9A1E7A4F7556}") = "_build", "build\_build.csproj", "{7D5E82AC-F086-405F-9758-ED82887650E1}"
EndProject
Global
	GlobalSection(SolutionConfigurationPlatforms) = preSolution
		A2013|x64 = A2013|x64
		A2014|x64 = A2014|x64
		A2015|x64 = A2015|x64
		A2016|x64 = A2016|x64
		A2017|x64 = A2017|x64
		A2018|x64 = A2018|x64
		A2019|x64 = A2019|x64
		A2020|x64 = A2020|x64
		A2021|x64 = A2021|x64
		A2022|x64 = A2022|x64
		Debug|x64 = Debug|x64
	EndGlobalSection
	GlobalSection(ProjectConfigurationPlatforms) = postSolution
		{D8D3D9B4-4676-4524-A61C-F7DDD78743E2}.A2013|x64.ActiveCfg = A2013|x64
		{D8D3D9B4-4676-4524-A61C-F7DDD78743E2}.A2013|x64.Build.0 = A2013|x64
		{D8D3D9B4-4676-4524-A61C-F7DDD78743E2}.A2014|x64.ActiveCfg = A2014|x64
		{D8D3D9B4-4676-4524-A61C-F7DDD78743E2}.A2014|x64.Build.0 = A2014|x64
		{D8D3D9B4-4676-4524-A61C-F7DDD78743E2}.A2015|x64.ActiveCfg = A2015|x64
		{D8D3D9B4-4676-4524-A61C-F7DDD78743E2}.A2015|x64.Build.0 = A2015|x64
		{D8D3D9B4-4676-4524-A61C-F7DDD78743E2}.A2016|x64.ActiveCfg = A2016|x64
		{D8D3D9B4-4676-4524-A61C-F7DDD78743E2}.A2016|x64.Build.0 = A2016|x64
		{D8D3D9B4-4676-4524-A61C-F7DDD78743E2}.A2017|x64.ActiveCfg = A2017|x64
		{D8D3D9B4-4676-4524-A61C-F7DDD78743E2}.A2017|x64.Build.0 = A2017|x64
		{D8D3D9B4-4676-4524-A61C-F7DDD78743E2}.A2018|x64.ActiveCfg = A2018|x64
		{D8D3D9B4-4676-4524-A61C-F7DDD78743E2}.A2018|x64.Build.0 = A2018|x64
		{D8D3D9B4-4676-4524-A61C-F7DDD78743E2}.A2019|x64.ActiveCfg = A2019|x64
		{D8D3D9B4-4676-4524-A61C-F7DDD78743E2}.A2019|x64.Build.0 = A2019|x64
		{D8D3D9B4-4676-4524-A61C-F7DDD78743E2}.A2020|x64.ActiveCfg = A2020|x64
		{D8D3D9B4-4676-4524-A61C-F7DDD78743E2}.A2020|x64.Build.0 = A2020|x64
		{D8D3D9B4-4676-4524-A61C-F7DDD78743E2}.A2021|x64.ActiveCfg = A2021|x64
		{D8D3D9B4-4676-4524-A61C-F7DDD78743E2}.A2021|x64.Build.0 = A2021|x64
		{D8D3D9B4-4676-4524-A61C-F7DDD78743E2}.A2022|x64.ActiveCfg = A2022|x64
		{D8D3D9B4-4676-4524-A61C-F7DDD78743E2}.A2022|x64.Build.0 = A2022|x64
		{D8D3D9B4-4676-4524-A61C-F7DDD78743E2}.Debug|x64.ActiveCfg = Debug|x64
		{D8D3D9B4-4676-4524-A61C-F7DDD78743E2}.Debug|x64.Build.0 = Debug|x64
		{7D5E82AC-F086-405F-9758-ED82887650E1}.A2013|x64.ActiveCfg = Release|Any CPU
		{7D5E82AC-F086-405F-9758-ED82887650E1}.A2013|x64.Build.0 = Release|Any CPU
		{7D5E82AC-F086-405F-9758-ED82887650E1}.A2014|x64.ActiveCfg = Release|Any CPU
		{7D5E82AC-F086-405F-9758-ED82887650E1}.A2014|x64.Build.0 = Release|Any CPU
		{7D5E82AC-F086-405F-9758-ED82887650E1}.A2015|x64.ActiveCfg = Release|Any CPU
		{7D5E82AC-F086-405F-9758-ED82887650E1}.A2015|x64.Build.0 = Release|Any CPU
		{7D5E82AC-F086-405F-9758-ED82887650E1}.A2016|x64.ActiveCfg = Release|Any CPU
		{7D5E82AC-F086-405F-9758-ED82887650E1}.A2016|x64.Build.0 = Release|Any CPU
		{7D5E82AC-F086-405F-9758-ED82887650E1}.A2017|x64.ActiveCfg = Release|Any CPU
		{7D5E82AC-F086-405F-9758-ED82887650E1}.A2017|x64.Build.0 = Release|Any CPU
		{7D5E82AC-F086-405F-9758-ED82887650E1}.A2018|x64.ActiveCfg = Release|Any CPU
		{7D5E82AC-F086-405F-9758-ED82887650E1}.A2018|x64.Build.0 = Release|Any CPU
		{7D5E82AC-F086-405F-9758-ED82887650E1}.A2019|x64.ActiveCfg = Release|Any CPU
		{7D5E82AC-F086-405F-9758-ED82887650E1}.A2019|x64.Build.0 = Release|Any CPU
		{7D5E82AC-F086-405F-9758-ED82887650E1}.A2020|x64.ActiveCfg = Release|Any CPU
		{7D5E82AC-F086-405F-9758-ED82887650E1}.A2020|x64.Build.0 = Release|Any CPU
		{7D5E82AC-F086-405F-9758-ED82887650E1}.A2021|x64.ActiveCfg = Release|Any CPU
		{7D5E82AC-F086-405F-9758-ED82887650E1}.A2021|x64.Build.0 = Release|Any CPU
		{7D5E82AC-F086-405F-9758-ED82887650E1}.A2022|x64.ActiveCfg = Release|Any CPU
		{7D5E82AC-F086-405F-9758-ED82887650E1}.A2022|x64.Build.0 = Release|Any CPU
		{7D5E82AC-F086-405F-9758-ED82887650E1}.Debug|x64.ActiveCfg = Debug|Any CPU
	EndGlobalSection
	GlobalSection(SolutionProperties) = preSolution
		HideSolutionNode = FALSE
	EndGlobalSection
	GlobalSection(ExtensibilityGlobals) = postSolution
		SolutionGuid = {D2A8F26F-8BE2-4A0F-8A9B-ACE7DFF5593D}
	EndGlobalSection
EndGlobal
